{
    "name": "atv-mac-remote",
    "version": "2.0.2",
    "lockfileVersion": 3,
    "requires": true,
    "packages": {
        "": {
            "name": "atv-mac-remote",
            "version": "2.0.2",
            "license": "ISC",
            "dependencies": {
                "@bharper/atv-js": "^0.2.6",
                "@electron/remote": "^2.1.2",
                "bluebird": "^3.7.2",
                "electron-positioner": "^4.1.0",
                "jquery": "^3.5.1",
                "menubar": "^9.0.2"
            }
        },
        "node_modules/@bharper/atv-js": {
            "version": "0.2.6",
            "resolved": "https://registry.npmjs.org/@bharper/atv-js/-/atv-js-0.2.6.tgz",
            "integrity": "sha512-DQZn170C2CWqv5K99vXedVGZVVSOxDKYqkq/7JlRl49LARZFBEcRVSWSWNeZztFroAdDUVo0uwTik9RNqEZSlA==",
            "license": "ISC",
            "dependencies": {
                "@bharper/atv-js": "^0.2.3",
                "@noble/ciphers": "^2.1.1",
                "bplist-creator": "^0.1.0",
                "bplist-parser": "^0.3.2",
                "fast-srp-hap": "^2.0.4",
                "multicast-dns": "^7.2.5"
            },
            "engines": {
                "node": ">=18.0.0"
            }
        },
        "node_modules/@electron/remote": {
            "version": "2.1.3",
            "resolved": "https://registry.npmjs.org/@electron/remote/-/remote-2.1.3.tgz",
            "integrity": "sha512-XlpxC8S4ttj/v2d+PKp9na/3Ev8bV7YWNL7Cw5b9MAWgTphEml7iYgbc7V0r9D6yDOfOkj06bchZgOZdlWJGNA==",
            "license": "MIT",
            "peerDependencies": {
                "electron": ">= 13.0.0"
            }
        },
        "node_modules/@leichtgewicht/ip-codec": {
            "version": "2.0.5",
            "resolved": "https://registry.npmjs.org/@leichtgewicht/ip-codec/-/ip-codec-2.0.5.tgz",
            "integrity": "sha512-Vo+PSpZG2/fmgmiNzYK9qWRh8h/CHrwD0mo1h1DzL4yzHNSfWYujGTYsWGreD000gcgmZ7K4Ys6Tx9TxtsKdDw==",
            "license": "MIT"
        },
        "node_modules/@noble/ciphers": {
            "version": "2.1.1",
            "resolved": "https://registry.npmjs.org/@noble/ciphers/-/ciphers-2.1.1.tgz",
            "integrity": "sha512-bysYuiVfhxNJuldNXlFEitTVdNnYUc+XNJZd7Qm2a5j1vZHgY+fazadNFWFaMK/2vye0JVlxV3gHmC0WDfAOQw==",
            "license": "MIT",
            "engines": {
                "node": ">= 20.19.0"
            },
            "funding": {
                "url": "https://paulmillr.com/funding/"
            }
        },
        "node_modules/big-integer": {
            "version": "1.6.52",
            "resolved": "https://registry.npmjs.org/big-integer/-/big-integer-1.6.52.tgz",
            "integrity": "sha512-QxD8cf2eVqJOOz63z6JIN9BzvVs/dlySa5HGSBH5xtR8dPteIRQnBxxKqkNTiT6jbDTF6jAfrd4oMcND9RGbQg==",
            "license": "Unlicense",
            "engines": {
                "node": ">=0.6"
            }
        },
        "node_modules/bluebird": {
            "version": "3.7.2",
            "resolved": "https://registry.npmjs.org/bluebird/-/bluebird-3.7.2.tgz",
            "integrity": "sha512-XpNj6GDQzdfW+r2Wnn7xiSAd7TM3jzkxGXBGTtWKuSXv1xUV+azxAm8jdWZN06QTQk+2N2XB9jRDkvbmQmcRtg==",
            "license": "MIT"
        },
        "node_modules/bplist-creator": {
            "version": "0.1.1",
            "resolved": "https://registry.npmjs.org/bplist-creator/-/bplist-creator-0.1.1.tgz",
            "integrity": "sha512-Ese7052fdWrxp/vqSJkydgx/1MdBnNOCV2XVfbmdGWD2H6EYza+Q4pyYSuVSnCUD22hfI/BFI4jHaC3NLXLlJQ==",
            "license": "MIT",
            "dependencies": {
                "stream-buffers": "2.2.x"
            }
        },
        "node_modules/bplist-parser": {
            "version": "0.3.2",
            "resolved": "https://registry.npmjs.org/bplist-parser/-/bplist-parser-0.3.2.tgz",
            "integrity": "sha512-apC2+fspHGI3mMKj+dGevkGo/tCqVB8jMb6i+OX+E29p0Iposz07fABkRIfVUPNd5A5VbuOz1bZbnmkKLYF+wQ==",
            "license": "MIT",
            "dependencies": {
                "big-integer": "1.6.x"
            },
            "engines": {
                "node": ">= 5.10.0"
            }
        },
        "node_modules/dns-packet": {
            "version": "5.6.1",
            "resolved": "https://registry.npmjs.org/dns-packet/-/dns-packet-5.6.1.tgz",
            "integrity": "sha512-l4gcSouhcgIKRvyy99RNVOgxXiicE+2jZoNmaNmZ6JXiGajBOJAesk1OBlJuM5k2c+eudGdLxDqXuPCKIj6kpw==",
            "license": "MIT",
            "dependencies": {
                "@leichtgewicht/ip-codec": "^2.0.1"
            },
            "engines": {
                "node": ">=6"
            }
        },
        "node_modules/electron-positioner": {
            "version": "4.1.0",
            "resolved": "https://registry.npmjs.org/electron-positioner/-/electron-positioner-4.1.0.tgz",
            "integrity": "sha512-726DfbI9ZNoCg+Fcu6XLuTKTnzf+6nFqv7h+K/V6Ug7IbaPMI7s9S8URnGtWFCy5N5PL4HSzRFF2mXuinftDdg==",
            "license": "MIT"
        },
        "node_modules/fast-srp-hap": {
            "version": "2.0.4",
            "resolved": "https://registry.npmjs.org/fast-srp-hap/-/fast-srp-hap-2.0.4.tgz",
            "integrity": "sha512-lHRYYaaIbMrhZtsdGTwPN82UbqD9Bv8QfOlKs+Dz6YRnByZifOh93EYmf2iEWFtkOEIqR2IK8cFD0UN5wLIWBQ==",
            "license": "MIT",
            "engines": {
                "node": ">=10.17.0"
            }
        },
        "node_modules/jquery": {
            "version": "3.7.1",
            "resolved": "https://registry.npmjs.org/jquery/-/jquery-3.7.1.tgz",
            "integrity": "sha512-m4avr8yL8kmFN8psrbFFFmB/If14iN5o9nw/NgnnM+kybDJpRsAynV2BsfpTYrTRysYUdADVD7CkUUizgkpLfg==",
            "license": "MIT"
        },
        "node_modules/menubar": {
            "version": "9.5.2",
            "resolved": "https://registry.npmjs.org/menubar/-/menubar-9.5.2.tgz",
            "integrity": "sha512-yUn4jCMPOiNuqxplEE+SITlTX+Wy92ZNZaG5tsTczEvVT1El8plHR3kinOTfUPwfQcAYcWE0SLiBM41z/hS6pg==",
            "license": "BSD-2-Clause",
            "dependencies": {
                "electron-positioner": "^4.1.0"
            },
            "peerDependencies": {
                "electron": ">=9.0.0 <35.0.0"
            }
        },
        "node_modules/multicast-dns": {
            "version": "7.2.5",
            "resolved": "https://registry.npmjs.org/multicast-dns/-/multicast-dns-7.2.5.tgz",
            "integrity": "sha512-2eznPJP8z2BFLX50tf0LuODrpINqP1RVIm/CObbTcBRITQgmC/TjcREF1NeTBzIcR5XO/ukWo+YHOjBbFwIupg==",
            "license": "MIT",
            "dependencies": {
                "dns-packet": "^5.2.2",
                "thunky": "^1.0.2"
            },
            "bin": {
                "multicast-dns": "cli.js"
            }
        },
        "node_modules/stream-buffers": {
            "version": "2.2.0",
            "resolved": "https://registry.npmjs.org/stream-buffers/-/stream-buffers-2.2.0.tgz",
            "integrity": "sha512-uyQK/mx5QjHun80FLJTfaWE7JtwfRMKBLkMne6udYOmvH0CawotVa7TfgYHzAnpphn4+TweIx1QKMnRIbipmUg==",
            "license": "Unlicense",
            "engines": {
                "node": ">= 0.10.0"
            }
        },
        "node_modules/thunky": {
            "version": "1.1.0",
            "resolved": "https://registry.npmjs.org/thunky/-/thunky-1.1.0.tgz",
            "integrity": "sha512-eHY7nBftgThBqOyHGVN+l8gF0BucP09fMo0oO/Lb0w1OF80dJv+lDVpXG60WMQvkcxAkNybKsrEIE3ZtKGmPrA==",
            "license": "MIT"
        }
    }
}
