{
    "name": "atv-mac-remote",
    "version": "1.4.3",
    "lockfileVersion": 2,
    "requires": true,
    "packages": {
        "": {
            "name": "atv-mac-remote",
            "version": "1.4.3",
            "license": "ISC",
            "dependencies": {
                "@electron/remote": "^2.1.2",
                "bluebird": "^3.7.2",
                "electron-positioner": "^4.1.0",
                "jquery": "^3.5.1",
                "menubar": "^9.0.2",
                "ws": "^8.3.0"
            }
        },
        "node_modules/@electron/remote": {
            "version": "2.1.3",
            "resolved": "https://registry.npmjs.org/@electron/remote/-/remote-2.1.3.tgz",
            "integrity": "sha512-XlpxC8S4ttj/v2d+PKp9na/3Ev8bV7YWNL7Cw5b9MAWgTphEml7iYgbc7V0r9D6yDOfOkj06bchZgOZdlWJGNA==",
            "license": "MIT",
            "peerDependencies": {
                "electron": ">= 13.0.0"
            }
        },
        "node_modules/bluebird": {
            "version": "3.7.2",
            "resolved": "https://registry.npmjs.org/bluebird/-/bluebird-3.7.2.tgz",
            "integrity": "sha512-XpNj6GDQzdfW+r2Wnn7xiSAd7TM3jzkxGXBGTtWKuSXv1xUV+azxAm8jdWZN06QTQk+2N2XB9jRDkvbmQmcRtg=="
        },
        "node_modules/electron-positioner": {
            "version": "4.1.0",
            "resolved": "https://registry.npmjs.org/electron-positioner/-/electron-positioner-4.1.0.tgz",
            "integrity": "sha512-726DfbI9ZNoCg+Fcu6XLuTKTnzf+6nFqv7h+K/V6Ug7IbaPMI7s9S8URnGtWFCy5N5PL4HSzRFF2mXuinftDdg=="
        },
        "node_modules/jquery": {
            "version": "3.5.1",
            "resolved": "https://registry.npmjs.org/jquery/-/jquery-3.5.1.tgz",
            "integrity": "sha512-XwIBPqcMn57FxfT+Go5pzySnm4KWkT1Tv7gjrpT1srtf8Weynl6R273VJ5GjkRb51IzMp5nbaPjJXMWeju2MKg=="
        },
        "node_modules/menubar": {
            "version": "9.0.2",
            "resolved": "https://registry.npmjs.org/menubar/-/menubar-9.0.2.tgz",
            "integrity": "sha512-/AN0h1z82qc9d0LYOI5lRnUSm/TAZPOQrjdR3LREbYs63BZcxUDbzi9h0iwckovDY6nJDdmjL0WRo6SeyyMT5A==",
            "dependencies": {
                "electron-positioner": "^4.1.0"
            }
        },
        "node_modules/ws": {
            "version": "8.3.0",
            "resolved": "https://registry.npmjs.org/ws/-/ws-8.3.0.tgz",
            "integrity": "sha512-Gs5EZtpqZzLvmIM59w4igITU57lrtYVFneaa434VROv4thzJyV6UjIL3D42lslWlI+D4KzLYnxSwtfuiO79sNw==",
            "engines": {
                "node": ">=10.0.0"
            },
            "peerDependencies": {
                "bufferutil": "^4.0.1",
                "utf-8-validate": "^5.0.2"
            },
            "peerDependenciesMeta": {
                "bufferutil": {
                    "optional": true
                },
                "utf-8-validate": {
                    "optional": true
                }
            }
        }
    },
    "dependencies": {
        "@electron/remote": {
            "version": "2.1.3",
            "resolved": "https://registry.npmjs.org/@electron/remote/-/remote-2.1.3.tgz",
            "integrity": "sha512-XlpxC8S4ttj/v2d+PKp9na/3Ev8bV7YWNL7Cw5b9MAWgTphEml7iYgbc7V0r9D6yDOfOkj06bchZgOZdlWJGNA=="
        },
        "bluebird": {
            "version": "3.7.2",
            "resolved": "https://registry.npmjs.org/bluebird/-/bluebird-3.7.2.tgz",
            "integrity": "sha512-XpNj6GDQzdfW+r2Wnn7xiSAd7TM3jzkxGXBGTtWKuSXv1xUV+azxAm8jdWZN06QTQk+2N2XB9jRDkvbmQmcRtg=="
        },
        "electron-positioner": {
            "version": "4.1.0",
            "resolved": "https://registry.npmjs.org/electron-positioner/-/electron-positioner-4.1.0.tgz",
            "integrity": "sha512-726DfbI9ZNoCg+Fcu6XLuTKTnzf+6nFqv7h+K/V6Ug7IbaPMI7s9S8URnGtWFCy5N5PL4HSzRFF2mXuinftDdg=="
        },
        "jquery": {
            "version": "3.5.1",
            "resolved": "https://registry.npmjs.org/jquery/-/jquery-3.5.1.tgz",
            "integrity": "sha512-XwIBPqcMn57FxfT+Go5pzySnm4KWkT1Tv7gjrpT1srtf8Weynl6R273VJ5GjkRb51IzMp5nbaPjJXMWeju2MKg=="
        },
        "menubar": {
            "version": "9.0.2",
            "resolved": "https://registry.npmjs.org/menubar/-/menubar-9.0.2.tgz",
            "integrity": "sha512-/AN0h1z82qc9d0LYOI5lRnUSm/TAZPOQrjdR3LREbYs63BZcxUDbzi9h0iwckovDY6nJDdmjL0WRo6SeyyMT5A==",
            "requires": {
                "electron-positioner": "^4.1.0"
            }
        },
        "ws": {
            "version": "8.3.0",
            "resolved": "https://registry.npmjs.org/ws/-/ws-8.3.0.tgz",
            "integrity": "sha512-Gs5EZtpqZzLvmIM59w4igITU57lrtYVFneaa434VROv4thzJyV6UjIL3D42lslWlI+D4KzLYnxSwtfuiO79sNw=="
        }
    }
}
